
Microsoft Visual Studio Solution File, Format Version 12.00
# Visual Studio 2012
Project("{E24C65DC-7377-472B-9ABA-BC803B73C61A}") = "KeepAccounts", "http://localhost:51043", "{F66C8C3E-E472-4EBB-A6F4-C7DB24792E50}"
	ProjectSection(WebsiteProperties) = preProject
		UseIISExpress = "true"
		TargetFrameworkMoniker = ".NETFramework,Version%3Dv2.0"
		Debug.AspNetCompiler.VirtualPath = "/localhost_51042"
		Debug.AspNetCompiler.PhysicalPath = "KeepAccounts\"
		Debug.AspNetCompiler.TargetPath = "PrecompiledWeb\localhost_51042\"
		Debug.AspNetCompiler.Updateable = "true"
		Debug.AspNetCompiler.ForceOverwrite = "true"
		Debug.AspNetCompiler.FixedNames = "false"
		Debug.AspNetCompiler.Debug = "True"
		Release.AspNetCompiler.VirtualPath = "/localhost_51042"
		Release.AspNetCompiler.PhysicalPath = "KeepAccounts\"
		Release.AspNetCompiler.TargetPath = "PrecompiledWeb\localhost_51042\"
		Release.AspNetCompiler.Updateable = "true"
		Release.AspNetCompiler.ForceOverwrite = "true"
		Release.AspNetCompiler.FixedNames = "false"
		Release.AspNetCompiler.Debug = "False"
		SlnRelativePath = "KeepAccounts\"
	EndProjectSection
EndProject
Global
	GlobalSection(SolutionConfigurationPlatforms) = preSolution
		Debug|Any CPU = Debug|Any CPU
	EndGlobalSection
	GlobalSection(ProjectConfigurationPlatforms) = postSolution
		{F66C8C3E-E472-4EBB-A6F4-C7DB24792E50}.Debug|Any CPU.ActiveCfg = Debug|Any CPU
		{F66C8C3E-E472-4EBB-A6F4-C7DB24792E50}.Debug|Any CPU.Build.0 = Debug|Any CPU
	EndGlobalSection
	GlobalSection(SolutionProperties) = preSolution
		HideSolutionNode = FALSE
	EndGlobalSection
EndGlobal
